
Microsoft Visual Studio Solution File, Format Version 12.00
# Visual Studio Version 17
VisualStudioVersion = 17.12.35527.113 d17.12
MinimumVisualStudioVersion = 10.0.40219.1
Project("{2150E333-8FDC-42A3-9474-1A3956D46DE8}") = "src", "src", "{3E9363EE-EAD7-44ED-AA3F-54828C191879}"
EndProject
Project("{2150E333-8FDC-42A3-9474-1A3956D46DE8}") = "tests", "tests", "{C2160ED6-83B1-4160-834D-D638EF1E750F}"
EndProject
Project("{FAE04EC0-301F-11D3-BF4B-00C04F79EFBC}") = "TBC.ROPP.Api", "TBC.ROI.Api\TBC.ROPP.Api.csproj", "{1B9F5CA3-952B-4B69-975D-14CFE7901AC2}"
EndProject
Project("{FAE04EC0-301F-11D3-BF4B-00C04F79EFBC}") = "TBC.ROPP.Application", "TBC.ROI.Application\TBC.ROPP.Application.csproj", "{0A4CDA8C-18C8-452A-B18A-4D29E4B755A3}"
EndProject
Project("{FAE04EC0-301F-11D3-BF4B-00C04F79EFBC}") = "TBC.ROPP.Domain", "TBC.ROI.Domain\TBC.ROPP.Domain.csproj", "{84550384-AE2A-4DD3-B078-25ACA07579A5}"
EndProject
Project("{FAE04EC0-301F-11D3-BF4B-00C04F79EFBC}") = "TBC.ROPP.Infrastructure", "TBC.ROI.Infrastructure\TBC.ROPP.Infrastructure.csproj", "{15AA4185-BB49-4C4E-B1C7-032FB3EF705D}"
EndProject
Project("{FAE04EC0-301F-11D3-BF4B-00C04F79EFBC}") = "TBC.ROPP.Shared", "TBC.ROI.Shared\TBC.ROPP.Shared.csproj", "{6960C3A1-3CBF-4017-B128-DCBD4C0A2F8A}"
EndProject
Project("{FAE04EC0-301F-11D3-BF4B-00C04F79EFBC}") = "TBC.ROPP.MigrationClient", "TBC.ROI.MigrationClient\TBC.ROPP.MigrationClient.csproj", "{DCAE662F-34D4-4781-8C46-D40AEDB213D8}"
EndProject
Global
	GlobalSection(SolutionConfigurationPlatforms) = preSolution
		Debug|Any CPU = Debug|Any CPU
		Release|Any CPU = Release|Any CPU
	EndGlobalSection
	GlobalSection(ProjectConfigurationPlatforms) = postSolution
		{1B9F5CA3-952B-4B69-975D-14CFE7901AC2}.Debug|Any CPU.ActiveCfg = Debug|Any CPU
		{1B9F5CA3-952B-4B69-975D-14CFE7901AC2}.Debug|Any CPU.Build.0 = Debug|Any CPU
		{1B9F5CA3-952B-4B69-975D-14CFE7901AC2}.Release|Any CPU.ActiveCfg = Release|Any CPU
		{1B9F5CA3-952B-4B69-975D-14CFE7901AC2}.Release|Any CPU.Build.0 = Release|Any CPU
		{0A4CDA8C-18C8-452A-B18A-4D29E4B755A3}.Debug|Any CPU.ActiveCfg = Debug|Any CPU
		{0A4CDA8C-18C8-452A-B18A-4D29E4B755A3}.Debug|Any CPU.Build.0 = Debug|Any CPU
		{0A4CDA8C-18C8-452A-B18A-4D29E4B755A3}.Release|Any CPU.ActiveCfg = Release|Any CPU
		{0A4CDA8C-18C8-452A-B18A-4D29E4B755A3}.Release|Any CPU.Build.0 = Release|Any CPU
		{84550384-AE2A-4DD3-B078-25ACA07579A5}.Debug|Any CPU.ActiveCfg = Debug|Any CPU
		{84550384-AE2A-4DD3-B078-25ACA07579A5}.Debug|Any CPU.Build.0 = Debug|Any CPU
		{84550384-AE2A-4DD3-B078-25ACA07579A5}.Release|Any CPU.ActiveCfg = Release|Any CPU
		{84550384-AE2A-4DD3-B078-25ACA07579A5}.Release|Any CPU.Build.0 = Release|Any CPU
		{15AA4185-BB49-4C4E-B1C7-032FB3EF705D}.Debug|Any CPU.ActiveCfg = Debug|Any CPU
		{15AA4185-BB49-4C4E-B1C7-032FB3EF705D}.Debug|Any CPU.Build.0 = Debug|Any CPU
		{15AA4185-BB49-4C4E-B1C7-032FB3EF705D}.Release|Any CPU.ActiveCfg = Release|Any CPU
		{15AA4185-BB49-4C4E-B1C7-032FB3EF705D}.Release|Any CPU.Build.0 = Release|Any CPU
		{6960C3A1-3CBF-4017-B128-DCBD4C0A2F8A}.Debug|Any CPU.ActiveCfg = Debug|Any CPU
		{6960C3A1-3CBF-4017-B128-DCBD4C0A2F8A}.Debug|Any CPU.Build.0 = Debug|Any CPU
		{6960C3A1-3CBF-4017-B128-DCBD4C0A2F8A}.Release|Any CPU.ActiveCfg = Release|Any CPU
		{6960C3A1-3CBF-4017-B128-DCBD4C0A2F8A}.Release|Any CPU.Build.0 = Release|Any CPU
		{DCAE662F-34D4-4781-8C46-D40AEDB213D8}.Debug|Any CPU.ActiveCfg = Debug|Any CPU
		{DCAE662F-34D4-4781-8C46-D40AEDB213D8}.Debug|Any CPU.Build.0 = Debug|Any CPU
		{DCAE662F-34D4-4781-8C46-D40AEDB213D8}.Release|Any CPU.ActiveCfg = Release|Any CPU
		{DCAE662F-34D4-4781-8C46-D40AEDB213D8}.Release|Any CPU.Build.0 = Release|Any CPU
	EndGlobalSection
	GlobalSection(SolutionProperties) = preSolution
		HideSolutionNode = FALSE
	EndGlobalSection
	GlobalSection(NestedProjects) = preSolution
		{1B9F5CA3-952B-4B69-975D-14CFE7901AC2} = {3E9363EE-EAD7-44ED-AA3F-54828C191879}
		{0A4CDA8C-18C8-452A-B18A-4D29E4B755A3} = {3E9363EE-EAD7-44ED-AA3F-54828C191879}
		{84550384-AE2A-4DD3-B078-25ACA07579A5} = {3E9363EE-EAD7-44ED-AA3F-54828C191879}
		{15AA4185-BB49-4C4E-B1C7-032FB3EF705D} = {3E9363EE-EAD7-44ED-AA3F-54828C191879}
		{6960C3A1-3CBF-4017-B128-DCBD4C0A2F8A} = {3E9363EE-EAD7-44ED-AA3F-54828C191879}
		{DCAE662F-34D4-4781-8C46-D40AEDB213D8} = {3E9363EE-EAD7-44ED-AA3F-54828C191879}
	EndGlobalSection
EndGlobal
