
Microsoft Visual Studio Solution File, Format Version 12.00
# Visual Studio Version 17
VisualStudioVersion = 17.12.35527.113
MinimumVisualStudioVersion = 10.0.40219.1
Project("{2150E333-8FDC-42A3-9474-1A3956D46DE8}") = "src", "src", "{3E9363EE-EAD7-44ED-AA3F-54828C191879}"
EndProject
Project("{2150E333-8FDC-42A3-9474-1A3956D46DE8}") = "tests", "tests", "{C2160ED6-83B1-4160-834D-D638EF1E750F}"
EndProject
Project("{FAE04EC0-301F-11D3-BF4B-00C04F79EFBC}") = "TBC.ROPP.Api", "TBC.ROPP.Api\TBC.ROPP.Api.csproj", "{4876467D-B471-48A0-9BF0-0A8C61622E1B}"
EndProject
Project("{FAE04EC0-301F-11D3-BF4B-00C04F79EFBC}") = "TBC.ROPP.Application", "TBC.ROPP.Application\TBC.ROPP.Application.csproj", "{C34A3E69-B4A6-4062-8C3D-64DE5E5657BC}"
EndProject
Project("{FAE04EC0-301F-11D3-BF4B-00C04F79EFBC}") = "TBC.ROPP.Domain", "TBC.ROPP.Domain\TBC.ROPP.Domain.csproj", "{7FE5DBAD-E715-4818-8C76-2F07D793ED63}"
EndProject
Project("{FAE04EC0-301F-11D3-BF4B-00C04F79EFBC}") = "TBC.ROPP.Infrastructure", "TBC.ROPP.Infrastructure\TBC.ROPP.Infrastructure.csproj", "{62C8BE5F-3AFC-4D6C-BEFE-9607E627444E}"
EndProject
Project("{FAE04EC0-301F-11D3-BF4B-00C04F79EFBC}") = "TBC.ROPP.MigrationClient", "TBC.ROPP.MigrationClient\TBC.ROPP.MigrationClient.csproj", "{9CCF0B47-1CB9-4722-A5C6-6AAFB610A268}"
EndProject
Project("{FAE04EC0-301F-11D3-BF4B-00C04F79EFBC}") = "TBC.ROPP.Shared", "TBC.ROPP.Shared\TBC.ROPP.Shared.csproj", "{BDA328F2-EBC3-4505-9AFC-81BA872F4397}"
EndProject
Project("{2150E333-8FDC-42A3-9474-1A3956D46DE8}") = "Solution Items", "Solution Items", "{9E9FE857-A45F-48EE-95F5-2AFA0EDBB387}"
	ProjectSection(SolutionItems) = preProject
		docker_componse.yaml = docker_componse.yaml
	EndProjectSection
EndProject
Global
	GlobalSection(SolutionConfigurationPlatforms) = preSolution
		Debug|Any CPU = Debug|Any CPU
		Release|Any CPU = Release|Any CPU
	EndGlobalSection
	GlobalSection(ProjectConfigurationPlatforms) = postSolution
		{4876467D-B471-48A0-9BF0-0A8C61622E1B}.Debug|Any CPU.ActiveCfg = Debug|Any CPU
		{4876467D-B471-48A0-9BF0-0A8C61622E1B}.Debug|Any CPU.Build.0 = Debug|Any CPU
		{4876467D-B471-48A0-9BF0-0A8C61622E1B}.Release|Any CPU.ActiveCfg = Release|Any CPU
		{4876467D-B471-48A0-9BF0-0A8C61622E1B}.Release|Any CPU.Build.0 = Release|Any CPU
		{C34A3E69-B4A6-4062-8C3D-64DE5E5657BC}.Debug|Any CPU.ActiveCfg = Debug|Any CPU
		{C34A3E69-B4A6-4062-8C3D-64DE5E5657BC}.Debug|Any CPU.Build.0 = Debug|Any CPU
		{C34A3E69-B4A6-4062-8C3D-64DE5E5657BC}.Release|Any CPU.ActiveCfg = Release|Any CPU
		{C34A3E69-B4A6-4062-8C3D-64DE5E5657BC}.Release|Any CPU.Build.0 = Release|Any CPU
		{7FE5DBAD-E715-4818-8C76-2F07D793ED63}.Debug|Any CPU.ActiveCfg = Debug|Any CPU
		{7FE5DBAD-E715-4818-8C76-2F07D793ED63}.Debug|Any CPU.Build.0 = Debug|Any CPU
		{7FE5DBAD-E715-4818-8C76-2F07D793ED63}.Release|Any CPU.ActiveCfg = Release|Any CPU
		{7FE5DBAD-E715-4818-8C76-2F07D793ED63}.Release|Any CPU.Build.0 = Release|Any CPU
		{62C8BE5F-3AFC-4D6C-BEFE-9607E627444E}.Debug|Any CPU.ActiveCfg = Debug|Any CPU
		{62C8BE5F-3AFC-4D6C-BEFE-9607E627444E}.Debug|Any CPU.Build.0 = Debug|Any CPU
		{62C8BE5F-3AFC-4D6C-BEFE-9607E627444E}.Release|Any CPU.ActiveCfg = Release|Any CPU
		{62C8BE5F-3AFC-4D6C-BEFE-9607E627444E}.Release|Any CPU.Build.0 = Release|Any CPU
		{9CCF0B47-1CB9-4722-A5C6-6AAFB610A268}.Debug|Any CPU.ActiveCfg = Debug|Any CPU
		{9CCF0B47-1CB9-4722-A5C6-6AAFB610A268}.Debug|Any CPU.Build.0 = Debug|Any CPU
		{9CCF0B47-1CB9-4722-A5C6-6AAFB610A268}.Release|Any CPU.ActiveCfg = Release|Any CPU
		{9CCF0B47-1CB9-4722-A5C6-6AAFB610A268}.Release|Any CPU.Build.0 = Release|Any CPU
		{BDA328F2-EBC3-4505-9AFC-81BA872F4397}.Debug|Any CPU.ActiveCfg = Debug|Any CPU
		{BDA328F2-EBC3-4505-9AFC-81BA872F4397}.Debug|Any CPU.Build.0 = Debug|Any CPU
		{BDA328F2-EBC3-4505-9AFC-81BA872F4397}.Release|Any CPU.ActiveCfg = Release|Any CPU
		{BDA328F2-EBC3-4505-9AFC-81BA872F4397}.Release|Any CPU.Build.0 = Release|Any CPU
	EndGlobalSection
	GlobalSection(SolutionProperties) = preSolution
		HideSolutionNode = FALSE
	EndGlobalSection
	GlobalSection(NestedProjects) = preSolution
		{4876467D-B471-48A0-9BF0-0A8C61622E1B} = {3E9363EE-EAD7-44ED-AA3F-54828C191879}
		{C34A3E69-B4A6-4062-8C3D-64DE5E5657BC} = {3E9363EE-EAD7-44ED-AA3F-54828C191879}
		{7FE5DBAD-E715-4818-8C76-2F07D793ED63} = {3E9363EE-EAD7-44ED-AA3F-54828C191879}
		{62C8BE5F-3AFC-4D6C-BEFE-9607E627444E} = {3E9363EE-EAD7-44ED-AA3F-54828C191879}
		{9CCF0B47-1CB9-4722-A5C6-6AAFB610A268} = {3E9363EE-EAD7-44ED-AA3F-54828C191879}
		{BDA328F2-EBC3-4505-9AFC-81BA872F4397} = {3E9363EE-EAD7-44ED-AA3F-54828C191879}
	EndGlobalSection
EndGlobal
